
Microsoft Visual Studio Solution File, Format Version 12.00
# Visual Studio 2013
VisualStudioVersion = 12.0.21005.1
MinimumVisualStudioVersion = 10.0.40219.1
Project("{FAE04EC0-301F-11D3-BF4B-00C04F79EFBC}") = "Interop.MapWinGIS", "Interop.MapWinGIS\Interop.MapWinGIS.csproj", "{C8417744-324A-4766-AE1D-1387C4AC359E}"
EndProject
Project("{FAE04EC0-301F-11D3-BF4B-00C04F79EFBC}") = "AxInterop.MapWinGIS", "AxInterop.MapWinGIS\AxInterop.MapWinGIS.csproj", "{B80A883E-E7B4-484B-9278-312C64EB7B7A}"
EndProject
Project("{FAE04EC0-301F-11D3-BF4B-00C04F79EFBC}") = "Examples", "Examples\Examples.csproj", "{A9BC7069-2AC8-49CB-BB0C-8D5B04586D67}"
EndProject
Project("{2150E333-8FDC-42A3-9474-1A3956D46DE8}") = "Doxygen", "Doxygen", "{5843FE08-0B8C-4241-9E67-69E202025E7E}"
	ProjectSection(SolutionItems) = preProject
		doxygen.css = doxygen.css
		DoxygenLayout.xml = DoxygenLayout.xml
		footer.html = footer.html
		header.html = header.html
		MapWinGIS doxyfile = MapWinGIS doxyfile
	EndProjectSection
EndProject
Global
	GlobalSection(SolutionConfigurationPlatforms) = preSolution
		Debug|Any CPU = Debug|Any CPU
		Debug|x86 = Debug|x86
		Release|Any CPU = Release|Any CPU
		Release|x86 = Release|x86
	EndGlobalSection
	GlobalSection(ProjectConfigurationPlatforms) = postSolution
		{C8417744-324A-4766-AE1D-1387C4AC359E}.Debug|Any CPU.ActiveCfg = Debug|Any CPU
		{C8417744-324A-4766-AE1D-1387C4AC359E}.Debug|x86.ActiveCfg = Debug|x86
		{C8417744-324A-4766-AE1D-1387C4AC359E}.Release|Any CPU.ActiveCfg = Release|Any CPU
		{C8417744-324A-4766-AE1D-1387C4AC359E}.Release|Any CPU.Build.0 = Release|Any CPU
		{C8417744-324A-4766-AE1D-1387C4AC359E}.Release|x86.ActiveCfg = Release|Any CPU
		{B80A883E-E7B4-484B-9278-312C64EB7B7A}.Debug|Any CPU.ActiveCfg = Debug|Any CPU
		{B80A883E-E7B4-484B-9278-312C64EB7B7A}.Debug|x86.ActiveCfg = Debug|x86
		{B80A883E-E7B4-484B-9278-312C64EB7B7A}.Release|Any CPU.ActiveCfg = Release|Any CPU
		{B80A883E-E7B4-484B-9278-312C64EB7B7A}.Release|Any CPU.Build.0 = Release|Any CPU
		{B80A883E-E7B4-484B-9278-312C64EB7B7A}.Release|x86.ActiveCfg = Release|Any CPU
		{A9BC7069-2AC8-49CB-BB0C-8D5B04586D67}.Debug|Any CPU.ActiveCfg = Debug|Any CPU
		{A9BC7069-2AC8-49CB-BB0C-8D5B04586D67}.Debug|Any CPU.Build.0 = Debug|Any CPU
		{A9BC7069-2AC8-49CB-BB0C-8D5B04586D67}.Debug|x86.ActiveCfg = Debug|x86
		{A9BC7069-2AC8-49CB-BB0C-8D5B04586D67}.Debug|x86.Build.0 = Debug|x86
		{A9BC7069-2AC8-49CB-BB0C-8D5B04586D67}.Release|Any CPU.ActiveCfg = Release|Any CPU
		{A9BC7069-2AC8-49CB-BB0C-8D5B04586D67}.Release|Any CPU.Build.0 = Release|Any CPU
		{A9BC7069-2AC8-49CB-BB0C-8D5B04586D67}.Release|x86.ActiveCfg = Release|x86
		{A9BC7069-2AC8-49CB-BB0C-8D5B04586D67}.Release|x86.Build.0 = Release|x86
	EndGlobalSection
	GlobalSection(SolutionProperties) = preSolution
		HideSolutionNode = FALSE
	EndGlobalSection
EndGlobal
